PODS:
  - Alamofire (5.7.1)
  - ESTabBarController-swift (2.8.0)
  - JXSegmentedView (1.3.0)
  - Kingfisher (6.3.1)
  - MJRefresh (3.7.5)
  - Moya (15.0.0):
    - Moya/Core (= 15.0.0)
  - Moya/Core (15.0.0):
    - Alamofire (~> 5.0)
  - SDCAlertView (12.0.3)
  - SnapKit (5.6.0)
  - Toast-Swift (5.0.1)

DEPENDENCIES:
  - Alamofire
  - ESTabBarController-swift
  - JXSegmentedView
  - Kingfisher
  - MJRefresh
  - Moya
  - SDCAlertView
  - SnapKit (~> 5.6.0)
  - Toast-Swift (~> 5.0.1)

SPEC REPOS:
  trunk:
    - Alamofire
    - ESTabBarController-swift
    - JXSegmentedView
    - Kingfisher
    - MJRefresh
    - Moya
    - SDCAlertView
    - SnapKit
    - Toast-Swift

SPEC CHECKSUMS:
  Alamofire: 0123a34370cb170936ae79a8df46cc62b2edeb88
  ESTabBarController-swift: 05593a6ad64700b03c0eb60ff625916370aa4136
  JXSegmentedView: fec0d335355b6e019c494fe2e030bde8a36d2df6
  Kingfisher: 016c8b653a35add51dd34a3aba36b580041acc74
  MJRefresh: fdf5e979eb406a0341468932d1dfc8b7f9fce961
  Moya: 138f0573e53411fb3dc17016add0b748dfbd78ee
  SDCAlertView: cec2dd84906b1fb30490ea59f50d1666f797be6f
  SnapKit: e01d52ebb8ddbc333eefe2132acf85c8227d9c25
  Toast-Swift: 9b6a70f28b3bf0b96c40d46c0c4b9d6639846711

PODFILE CHECKSUM: c260508acd55f336af5c75b93961d8678d881ec6

COCOAPODS: 1.12.1
